
Microsoft Visual Studio Solution File, Format Version 12.00
# Visual Studio 15
VisualStudioVersion = 15.0.28306.52
MinimumVisualStudioVersion = 10.0.40219.1
Project("{FAE04EC0-301F-11D3-BF4B-00C04F79EFBC}") = "Patientverwaltung v2.0", "Patientverwaltung v2.0\Patientverwaltung v2.0.csproj", "{F637978F-A79D-45CA-BF23-042CF6C31C01}"
EndProject
Global
	GlobalSection(SolutionConfigurationPlatforms) = preSolution
		Debug|Any CPU = Debug|Any CPU
		Release|Any CPU = Release|Any CPU
	EndGlobalSection
	GlobalSection(ProjectConfigurationPlatforms) = postSolution
		{F637978F-A79D-45CA-BF23-042CF6C31C01}.Debug|Any CPU.ActiveCfg = Debug|Any CPU
		{F637978F-A79D-45CA-BF23-042CF6C31C01}.Debug|Any CPU.Build.0 = Debug|Any CPU
		{F637978F-A79D-45CA-BF23-042CF6C31C01}.Release|Any CPU.ActiveCfg = Release|Any CPU
		{F637978F-A79D-45CA-BF23-042CF6C31C01}.Release|Any CPU.Build.0 = Release|Any CPU
	EndGlobalSection
	GlobalSection(SolutionProperties) = preSolution
		HideSolutionNode = FALSE
	EndGlobalSection
	GlobalSection(ExtensibilityGlobals) = postSolution
		SolutionGuid = {A2355A46-C333-4A31-9D24-8F792F4B6C02}
	EndGlobalSection
EndGlobal
